
Microsoft Visual Studio Solution File, Format Version 12.00
# Visual Studio Version 17
VisualStudioVersion = 17.8.34511.84
MinimumVisualStudioVersion = 10.0.40219.1
Project("{FAE04EC0-301F-11D3-BF4B-00C04F79EFBC}") = "SingASong", "SingASong\SingASong.csproj", "{280FD877-E7B1-4673-958B-4D66D1979456}"
EndProject
Global
	GlobalSection(SolutionConfigurationPlatforms) = preSolution
		Debug|Any CPU = Debug|Any CPU
		Release|Any CPU = Release|Any CPU
	EndGlobalSection
	GlobalSection(ProjectConfigurationPlatforms) = postSolution
		{280FD877-E7B1-4673-958B-4D66D1979456}.Debug|Any CPU.ActiveCfg = Debug|Any CPU
		{280FD877-E7B1-4673-958B-4D66D1979456}.Debug|Any CPU.Build.0 = Debug|Any CPU
		{280FD877-E7B1-4673-958B-4D66D1979456}.Release|Any CPU.ActiveCfg = Release|Any CPU
		{280FD877-E7B1-4673-958B-4D66D1979456}.Release|Any CPU.Build.0 = Release|Any CPU
	EndGlobalSection
	GlobalSection(SolutionProperties) = preSolution
		HideSolutionNode = FALSE
	EndGlobalSection
	GlobalSection(ExtensibilityGlobals) = postSolution
		SolutionGuid = {F4D7026A-399F-43E6-8579-65BAD087D74D}
	EndGlobalSection
EndGlobal
